// !$*UTF8*$!
{
	archiveVersion = 1;
	classes = {
	};
	objectVersion = 50;
	objects = {

/* Begin PBXBuildFile section */
		F1A07F3326642AD500113C02 /* AppDelegate.swift in Sources */ = {isa = PBXBuildFile; fileRef = F1A07F3226642AD500113C02 /* AppDelegate.swift */; };
		F1A07F3526642AD500113C02 /* SceneDelegate.swift in Sources */ = {isa = PBXBuildFile; fileRef = F1A07F3426642AD500113C02 /* SceneDelegate.swift */; };
		F1A07F3726642AD500113C02 /* ViewController.swift in Sources */ = {isa = PBXBuildFile; fileRef = F1A07F3626642AD500113C02 /* ViewController.swift */; };
		F1A07F3A26642AD500113C02 /* Main.storyboard in Resources */ = {isa = PBXBuildFile; fileRef = F1A07F3826642AD500113C02 /* Main.storyboard */; };
		F1A07F3C26642AD600113C02 /* Assets.xcassets in Resources */ = {isa = PBXBuildFile; fileRef = F1A07F3B26642AD600113C02 /* Assets.xcassets */; };
		F1A07F3F26642AD600113C02 /* LaunchScreen.storyboard in Resources */ = {isa = PBXBuildFile; fileRef = F1A07F3D26642AD600113C02 /* LaunchScreen.storyboard */; };
		F1A07F4A26642AD600113C02 /* TestCoreDataTests.swift in Sources */ = {isa = PBXBuildFile; fileRef = F1A07F4926642AD600113C02 /* TestCoreDataTests.swift */; };
		F1A07F5526642AD600113C02 /* TestCoreDataUITests.swift in Sources */ = {isa = PBXBuildFile; fileRef = F1A07F5426642AD600113C02 /* TestCoreDataUITests.swift */; };
		F1A07F6B26648B5100113C02 /* IceCream+CoreDataClass.swift in Sources */ = {isa = PBXBuildFile; fileRef = F1A07F6926648B5100113C02 /* IceCream+CoreDataClass.swift */; };
		F1A07F6C26648B5100113C02 /* IceCream+CoreDataProperties.swift in Sources */ = {isa = PBXBuildFile; fileRef = F1A07F6A26648B5100113C02 /* IceCream+CoreDataProperties.swift */; };
		F1A07F702665351F00113C02 /* input.json in Resources */ = {isa = PBXBuildFile; fileRef = F1A07F6F2665351F00113C02 /* input.json */; };
		F1A07FC026656BBF00113C02 /* IceCream.xcdatamodeld in Sources */ = {isa = PBXBuildFile; fileRef = F1A07FBE26656BBF00113C02 /* IceCream.xcdatamodeld */; };
/* End PBXBuildFile section */

/* Begin PBXContainerItemProxy section */
		F1A07F4626642AD600113C02 /* PBXContainerItemProxy */ = {
			isa = PBXContainerItemProxy;
			containerPortal = F1A07F2726642AD500113C02 /* Project object */;
			proxyType = 1;
			remoteGlobalIDString = F1A07F2E26642AD500113C02;
			remoteInfo = TestCoreData;
		};
		F1A07F5126642AD600113C02 /* PBXContainerItemProxy */ = {
			isa = PBXContainerItemProxy;
			containerPortal = F1A07F2726642AD500113C02 /* Project object */;
			proxyType = 1;
			remoteGlobalIDString = F1A07F2E26642AD500113C02;
			remoteInfo = TestCoreData;
		};
/* End PBXContainerItemProxy section */

/* Begin PBXFileReference section */
		F1A07F2F26642AD500113C02 /* TestCoreData.app */ = {isa = PBXFileReference; explicitFileType = wrapper.application; includeInIndex = 0; path = TestCoreData.app; sourceTree = BUILT_PRODUCTS_DIR; };
		F1A07F3226642AD500113C02 /* AppDelegate.swift */ = {isa = PBXFileReference; lastKnownFileType = sourcecode.swift; path = AppDelegate.swift; sourceTree = "<group>"; };
		F1A07F3426642AD500113C02 /* SceneDelegate.swift */ = {isa = PBXFileReference; lastKnownFileType = sourcecode.swift; path = SceneDelegate.swift; sourceTree = "<group>"; };
		F1A07F3626642AD500113C02 /* ViewController.swift */ = {isa = PBXFileReference; lastKnownFileType = sourcecode.swift; path = ViewController.swift; sourceTree = "<group>"; };
		F1A07F3926642AD500113C02 /* Base */ = {isa = PBXFileReference; lastKnownFileType = file.storyboard; name = Base; path = Base.lproj/Main.storyboard; sourceTree = "<group>"; };
		F1A07F3B26642AD600113C02 /* Assets.xcassets */ = {isa = PBXFileReference; lastKnownFileType = folder.assetcatalog; path = Assets.xcassets; sourceTree = "<group>"; };
		F1A07F3E26642AD600113C02 /* Base */ = {isa = PBXFileReference; lastKnownFileType = file.storyboard; name = Base; path = Base.lproj/LaunchScreen.storyboard; sourceTree = "<group>"; };
		F1A07F4026642AD600113C02 /* Info.plist */ = {isa = PBXFileReference; lastKnownFileType = text.plist.xml; path = Info.plist; sourceTree = "<group>"; };
		F1A07F4526642AD600113C02 /* TestCoreDataTests.xctest */ = {isa = PBXFileReference; explicitFileType = wrapper.cfbundle; includeInIndex = 0; path = TestCoreDataTests.xctest; sourceTree = BUILT_PRODUCTS_DIR; };
		F1A07F4926642AD600113C02 /* TestCoreDataTests.swift */ = {isa = PBXFileReference; lastKnownFileType = sourcecode.swift; path = TestCoreDataTests.swift; sourceTree = "<group>"; };
		F1A07F4B26642AD600113C02 /* Info.plist */ = {isa = PBXFileReference; lastKnownFileType = text.plist.xml; path = Info.plist; sourceTree = "<group>"; };
		F1A07F5026642AD600113C02 /* TestCoreDataUITests.xctest */ = {isa = PBXFileReference; explicitFileType = wrapper.cfbundle; includeInIndex = 0; path = TestCoreDataUITests.xctest; sourceTree = BUILT_PRODUCTS_DIR; };
		F1A07F5426642AD600113C02 /* TestCoreDataUITests.swift */ = {isa = PBXFileReference; lastKnownFileType = sourcecode.swift; path = TestCoreDataUITests.swift; sourceTree = "<group>"; };
		F1A07F5626642AD600113C02 /* Info.plist */ = {isa = PBXFileReference; lastKnownFileType = text.plist.xml; path = Info.plist; sourceTree = "<group>"; };
		F1A07F6926648B5100113C02 /* IceCream+CoreDataClass.swift */ = {isa = PBXFileReference; lastKnownFileType = sourcecode.swift; path = "IceCream+CoreDataClass.swift"; sourceTree = SOURCE_ROOT; };
		F1A07F6A26648B5100113C02 /* IceCream+CoreDataProperties.swift */ = {isa = PBXFileReference; lastKnownFileType = sourcecode.swift; path = "IceCream+CoreDataProperties.swift"; sourceTree = SOURCE_ROOT; };
		F1A07F6F2665351F00113C02 /* input.json */ = {isa = PBXFileReference; fileEncoding = 4; lastKnownFileType = text.json; path = input.json; sourceTree = "<group>"; };
		F1A07FBF26656BBF00113C02 /* IceCream.xcdatamodel */ = {isa = PBXFileReference; lastKnownFileType = wrapper.xcdatamodel; path = IceCream.xcdatamodel; sourceTree = "<group>"; };
/* End PBXFileReference section */

/* Begin PBXFrameworksBuildPhase section */
		F1A07F2C26642AD500113C02 /* Frameworks */ = {
			isa = PBXFrameworksBuildPhase;
			buildActionMask = 2147483647;
			files = (
			);
			runOnlyForDeploymentPostprocessing = 0;
		};
		F1A07F4226642AD600113C02 /* Frameworks */ = {
			isa = PBXFrameworksBuildPhase;
			buildActionMask = 2147483647;
			files = (
			);
			runOnlyForDeploymentPostprocessing = 0;
		};
		F1A07F4D26642AD600113C02 /* Frameworks */ = {
			isa = PBXFrameworksBuildPhase;
			buildActionMask = 2147483647;
			files = (
			);
			runOnlyForDeploymentPostprocessing = 0;
		};
/* End PBXFrameworksBuildPhase section */

/* Begin PBXGroup section */
		F1A07F2626642AD500113C02 = {
			isa = PBXGroup;
			children = (
				F1A07F3126642AD500113C02 /* TestCoreData */,
				F1A07F4826642AD600113C02 /* TestCoreDataTests */,
				F1A07F5326642AD600113C02 /* TestCoreDataUITests */,
				F1A07F3026642AD500113C02 /* Products */,
			);
			sourceTree = "<group>";
		};
		F1A07F3026642AD500113C02 /* Products */ = {
			isa = PBXGroup;
			children = (
				F1A07F2F26642AD500113C02 /* TestCoreData.app */,
				F1A07F4526642AD600113C02 /* TestCoreDataTests.xctest */,
				F1A07F5026642AD600113C02 /* TestCoreDataUITests.xctest */,
			);
			name = Products;
			sourceTree = "<group>";
		};
		F1A07F3126642AD500113C02 /* TestCoreData */ = {
			isa = PBXGroup;
			children = (
				F1A07FBE26656BBF00113C02 /* IceCream.xcdatamodeld */,
				F1A07F6926648B5100113C02 /* IceCream+CoreDataClass.swift */,
				F1A07F6A26648B5100113C02 /* IceCream+CoreDataProperties.swift */,
				F1A07F3226642AD500113C02 /* AppDelegate.swift */,
				F1A07F3426642AD500113C02 /* SceneDelegate.swift */,
				F1A07F6F2665351F00113C02 /* input.json */,
				F1A07F3626642AD500113C02 /* ViewController.swift */,
				F1A07F3826642AD500113C02 /* Main.storyboard */,
				F1A07F3B26642AD600113C02 /* Assets.xcassets */,
				F1A07F3D26642AD600113C02 /* LaunchScreen.storyboard */,
				F1A07F4026642AD600113C02 /* Info.plist */,
			);
			path = TestCoreData;
			sourceTree = "<group>";
		};
		F1A07F4826642AD600113C02 /* TestCoreDataTests */ = {
			isa = PBXGroup;
			children = (
				F1A07F4926642AD600113C02 /* TestCoreDataTests.swift */,
				F1A07F4B26642AD600113C02 /* Info.plist */,
			);
			path = TestCoreDataTests;
			sourceTree = "<group>";
		};
		F1A07F5326642AD600113C02 /* TestCoreDataUITests */ = {
			isa = PBXGroup;
			children = (
				F1A07F5426642AD600113C02 /* TestCoreDataUITests.swift */,
				F1A07F5626642AD600113C02 /* Info.plist */,
			);
			path = TestCoreDataUITests;
			sourceTree = "<group>";
		};
/* End PBXGroup section */

/* Begin PBXNativeTarget section */
		F1A07F2E26642AD500113C02 /* TestCoreData */ = {
			isa = PBXNativeTarget;
			buildConfigurationList = F1A07F5926642AD600113C02 /* Build configuration list for PBXNativeTarget "TestCoreData" */;
			buildPhases = (
				F1A07F2B26642AD500113C02 /* Sources */,
				F1A07F2C26642AD500113C02 /* Frameworks */,
				F1A07F2D26642AD500113C02 /* Resources */,
			);
			buildRules = (
			);
			dependencies = (
			);
			name = TestCoreData;
			productName = TestCoreData;
			productReference = F1A07F2F26642AD500113C02 /* TestCoreData.app */;
			productType = "com.apple.product-type.application";
		};
		F1A07F4426642AD600113C02 /* TestCoreDataTests */ = {
			isa = PBXNativeTarget;
			buildConfigurationList = F1A07F5C26642AD600113C02 /* Build configuration list for PBXNativeTarget "TestCoreDataTests" */;
			buildPhases = (
				F1A07F4126642AD600113C02 /* Sources */,
				F1A07F4226642AD600113C02 /* Frameworks */,
				F1A07F4326642AD600113C02 /* Resources */,
			);
			buildRules = (
			);
			dependencies = (
				F1A07F4726642AD600113C02 /* PBXTargetDependency */,
			);
			name = TestCoreDataTests;
			productName = TestCoreDataTests;
			productReference = F1A07F4526642AD600113C02 /* TestCoreDataTests.xctest */;
			productType = "com.apple.product-type.bundle.unit-test";
		};
		F1A07F4F26642AD600113C02 /* TestCoreDataUITests */ = {
			isa = PBXNativeTarget;
			buildConfigurationList = F1A07F5F26642AD600113C02 /* Build configuration list for PBXNativeTarget "TestCoreDataUITests" */;
			buildPhases = (
				F1A07F4C26642AD600113C02 /* Sources */,
				F1A07F4D26642AD600113C02 /* Frameworks */,
				F1A07F4E26642AD600113C02 /* Resources */,
			);
			buildRules = (
			);
			dependencies = (
				F1A07F5226642AD600113C02 /* PBXTargetDependency */,
			);
			name = TestCoreDataUITests;
			productName = TestCoreDataUITests;
			productReference = F1A07F5026642AD600113C02 /* TestCoreDataUITests.xctest */;
			productType = "com.apple.product-type.bundle.ui-testing";
		};
/* End PBXNativeTarget section */

/* Begin PBXProject section */
		F1A07F2726642AD500113C02 /* Project object */ = {
			isa = PBXProject;
			attributes = {
				LastSwiftUpdateCheck = 1250;
				LastUpgradeCheck = 1250;
				TargetAttributes = {
					F1A07F2E26642AD500113C02 = {
						CreatedOnToolsVersion = 12.5;
					};
					F1A07F4426642AD600113C02 = {
						CreatedOnToolsVersion = 12.5;
						TestTargetID = F1A07F2E26642AD500113C02;
					};
					F1A07F4F26642AD600113C02 = {
						CreatedOnToolsVersion = 12.5;
						TestTargetID = F1A07F2E26642AD500113C02;
					};
				};
			};
			buildConfigurationList = F1A07F2A26642AD500113C02 /* Build configuration list for PBXProject "TestCoreData" */;
			compatibilityVersion = "Xcode 9.3";
			developmentRegion = en;
			hasScannedForEncodings = 0;
			knownRegions = (
				en,
				Base,
			);
			mainGroup = F1A07F2626642AD500113C02;
			productRefGroup = F1A07F3026642AD500113C02 /* Products */;
			projectDirPath = "";
			projectRoot = "";
			targets = (
				F1A07F2E26642AD500113C02 /* TestCoreData */,
				F1A07F4426642AD600113C02 /* TestCoreDataTests */,
				F1A07F4F26642AD600113C02 /* TestCoreDataUITests */,
			);
		};
/* End PBXProject section */

/* Begin PBXResourcesBuildPhase section */
		F1A07F2D26642AD500113C02 /* Resources */ = {
			isa = PBXResourcesBuildPhase;
			buildActionMask = 2147483647;
			files = (
				F1A07F3F26642AD600113C02 /* LaunchScreen.storyboard in Resources */,
				F1A07F3C26642AD600113C02 /* Assets.xcassets in Resources */,
				F1A07F702665351F00113C02 /* input.json in Resources */,
				F1A07F3A26642AD500113C02 /* Main.storyboard in Resources */,
			);
			runOnlyForDeploymentPostprocessing = 0;
		};
		F1A07F4326642AD600113C02 /* Resources */ = {
			isa = PBXResourcesBuildPhase;
			buildActionMask = 2147483647;
			files = (
			);
			runOnlyForDeploymentPostprocessing = 0;
		};
		F1A07F4E26642AD600113C02 /* Resources */ = {
			isa = PBXResourcesBuildPhase;
			buildActionMask = 2147483647;
			files = (
			);
			runOnlyForDeploymentPostprocessing = 0;
		};
/* End PBXResourcesBuildPhase section */

/* Begin PBXSourcesBuildPhase section */
		F1A07F2B26642AD500113C02 /* Sources */ = {
			isa = PBXSourcesBuildPhase;
			buildActionMask = 2147483647;
			files = (
				F1A07F3726642AD500113C02 /* ViewController.swift in Sources */,
				F1A07F3326642AD500113C02 /* AppDelegate.swift in Sources */,
				F1A07F6B26648B5100113C02 /* IceCream+CoreDataClass.swift in Sources */,
				F1A07F6C26648B5100113C02 /* IceCream+CoreDataProperties.swift in Sources */,
				F1A07FC026656BBF00113C02 /* IceCream.xcdatamodeld in Sources */,
				F1A07F3526642AD500113C02 /* SceneDelegate.swift in Sources */,
			);
			runOnlyForDeploymentPostprocessing = 0;
		};
		F1A07F4126642AD600113C02 /* Sources */ = {
			isa = PBXSourcesBuildPhase;
			buildActionMask = 2147483647;
			files = (
				F1A07F4A26642AD600113C02 /* TestCoreDataTests.swift in Sources */,
			);
			runOnlyForDeploymentPostprocessing = 0;
		};
		F1A07F4C26642AD600113C02 /* Sources */ = {
			isa = PBXSourcesBuildPhase;
			buildActionMask = 2147483647;
			files = (
				F1A07F5526642AD600113C02 /* TestCoreDataUITests.swift in Sources */,
			);
			runOnlyForDeploymentPostprocessing = 0;
		};
/* End PBXSourcesBuildPhase section */

/* Begin PBXTargetDependency section */
		F1A07F4726642AD600113C02 /* PBXTargetDependency */ = {
			isa = PBXTargetDependency;
			target = F1A07F2E26642AD500113C02 /* TestCoreData */;
			targetProxy = F1A07F4626642AD600113C02 /* PBXContainerItemProxy */;
		};
		F1A07F5226642AD600113C02 /* PBXTargetDependency */ = {
			isa = PBXTargetDependency;
			target = F1A07F2E26642AD500113C02 /* TestCoreData */;
			targetProxy = F1A07F5126642AD600113C02 /* PBXContainerItemProxy */;
		};
/* End PBXTargetDependency section */

/* Begin PBXVariantGroup section */
		F1A07F3826642AD500113C02 /* Main.storyboard */ = {
			isa = PBXVariantGroup;
			children = (
				F1A07F3926642AD500113C02 /* Base */,
			);
			name = Main.storyboard;
			sourceTree = "<group>";
		};
		F1A07F3D26642AD600113C02 /* LaunchScreen.storyboard */ = {
			isa = PBXVariantGroup;
			children = (
				F1A07F3E26642AD600113C02 /* Base */,
			);
			name = LaunchScreen.storyboard;
			sourceTree = "<group>";
		};
/* End PBXVariantGroup section */

/* Begin XCBuildConfiguration section */
		F1A07F5726642AD600113C02 /* Debug */ = {
			isa = XCBuildConfiguration;
			buildSettings = {
				ALWAYS_SEARCH_USER_PATHS = NO;
				CLANG_ANALYZER_NONNULL = YES;
				CLANG_ANALYZER_NUMBER_OBJECT_CONVERSION = YES_AGGRESSIVE;
				CLANG_CXX_LANGUAGE_STANDARD = "gnu++14";
				CLANG_CXX_LIBRARY = "libc++";
				CLANG_ENABLE_MODULES = YES;
				CLANG_ENABLE_OBJC_ARC = YES;
				CLANG_ENABLE_OBJC_WEAK = YES;
				CLANG_WARN_BLOCK_CAPTURE_AUTORELEASING = YES;
				CLANG_WARN_BOOL_CONVERSION = YES;
				CLANG_WARN_COMMA = YES;
				CLANG_WARN_CONSTANT_CONVERSION = YES;
				CLANG_WARN_DEPRECATED_OBJC_IMPLEMENTATIONS = YES;
				CLANG_WARN_DIRECT_OBJC_ISA_USAGE = YES_ERROR;
				CLANG_WARN_DOCUMENTATION_COMMENTS = YES;
				CLANG_WARN_EMPTY_BODY = YES;
				CLANG_WARN_ENUM_CONVERSION = YES;
				CLANG_WARN_INFINITE_RECURSION = YES;
				CLANG_WARN_INT_CONVERSION = YES;
				CLANG_WARN_NON_LITERAL_NULL_CONVERSION = YES;
				CLANG_WARN_OBJC_IMPLICIT_RETAIN_SELF = YES;
				CLANG_WARN_OBJC_LITERAL_CONVERSION = YES;
				CLANG_WARN_OBJC_ROOT_CLASS = YES_ERROR;
				CLANG_WARN_QUOTED_INCLUDE_IN_FRAMEWORK_HEADER = YES;
				CLANG_WARN_RANGE_LOOP_ANALYSIS = YES;
				CLANG_WARN_STRICT_PROTOTYPES = YES;
				CLANG_WARN_SUSPICIOUS_MOVE = YES;
				CLANG_WARN_UNGUARDED_AVAILABILITY = YES_AGGRESSIVE;
				CLANG_WARN_UNREACHABLE_CODE = YES;
				CLANG_WARN__DUPLICATE_METHOD_MATCH = YES;
				COPY_PHASE_STRIP = NO;
				DEBUG_INFORMATION_FORMAT = dwarf;
				ENABLE_STRICT_OBJC_MSGSEND = YES;
				ENABLE_TESTABILITY = YES;
				GCC_C_LANGUAGE_STANDARD = gnu11;
				GCC_DYNAMIC_NO_PIC = NO;
				GCC_NO_COMMON_BLOCKS = YES;
				GCC_OPTIMIZATION_LEVEL = 0;
				GCC_PREPROCESSOR_DEFINITIONS = (
					"DEBUG=1",
					"$(inherited)",
				);
				GCC_WARN_64_TO_32_BIT_CONVERSION = YES;
				GCC_WARN_ABOUT_RETURN_TYPE = YES_ERROR;
				GCC_WARN_UNDECLARED_SELECTOR = YES;
				GCC_WARN_UNINITIALIZED_AUTOS = YES_AGGRESSIVE;
				GCC_WARN_UNUSED_FUNCTION = YES;
				GCC_WARN_UNUSED_VARIABLE = YES;
				IPHONEOS_DEPLOYMENT_TARGET = 14.5;
				MTL_ENABLE_DEBUG_INFO = INCLUDE_SOURCE;
				MTL_FAST_MATH = YES;
				ONLY_ACTIVE_ARCH = YES;
				SDKROOT = iphoneos;
				SWIFT_ACTIVE_COMPILATION_CONDITIONS = DEBUG;
				SWIFT_OPTIMIZATION_LEVEL = "-Onone";
			};
			name = Debug;
		};
		F1A07F5826642AD600113C02 /* Release */ = {
			isa = XCBuildConfiguration;
			buildSettings = {
				ALWAYS_SEARCH_USER_PATHS = NO;
				CLANG_ANALYZER_NONNULL = YES;
				CLANG_ANALYZER_NUMBER_OBJECT_CONVERSION = YES_AGGRESSIVE;
				CLANG_CXX_LANGUAGE_STANDARD = "gnu++14";
				CLANG_CXX_LIBRARY = "libc++";
				CLANG_ENABLE_MODULES = YES;
				CLANG_ENABLE_OBJC_ARC = YES;
				CLANG_ENABLE_OBJC_WEAK = YES;
				CLANG_WARN_BLOCK_CAPTURE_AUTORELEASING = YES;
				CLANG_WARN_BOOL_CONVERSION = YES;
				CLANG_WARN_COMMA = YES;
				CLANG_WARN_CONSTANT_CONVERSION = YES;
				CLANG_WARN_DEPRECATED_OBJC_IMPLEMENTATIONS = YES;
				CLANG_WARN_DIRECT_OBJC_ISA_USAGE = YES_ERROR;
				CLANG_WARN_DOCUMENTATION_COMMENTS = YES;
				CLANG_WARN_EMPTY_BODY = YES;
				CLANG_WARN_ENUM_CONVERSION = YES;
				CLANG_WARN_INFINITE_RECURSION = YES;
				CLANG_WARN_INT_CONVERSION = YES;
				CLANG_WARN_NON_LITERAL_NULL_CONVERSION = YES;
				CLANG_WARN_OBJC_IMPLICIT_RETAIN_SELF = YES;
				CLANG_WARN_OBJC_LITERAL_CONVERSION = YES;
				CLANG_WARN_OBJC_ROOT_CLASS = YES_ERROR;
				CLANG_WARN_QUOTED_INCLUDE_IN_FRAMEWORK_HEADER = YES;
				CLANG_WARN_RANGE_LOOP_ANALYSIS = YES;
				CLANG_WARN_STRICT_PROTOTYPES = YES;
				CLANG_WARN_SUSPICIOUS_MOVE = YES;
				CLANG_WARN_UNGUARDED_AVAILABILITY = YES_AGGRESSIVE;
				CLANG_WARN_UNREACHABLE_CODE = YES;
				CLANG_WARN__DUPLICATE_METHOD_MATCH = YES;
				COPY_PHASE_STRIP = NO;
				DEBUG_INFORMATION_FORMAT = "dwarf-with-dsym";
				ENABLE_NS_ASSERTIONS = NO;
				ENABLE_STRICT_OBJC_MSGSEND = YES;
				GCC_C_LANGUAGE_STANDARD = gnu11;
				GCC_NO_COMMON_BLOCKS = YES;
				GCC_WARN_64_TO_32_BIT_CONVERSION = YES;
				GCC_WARN_ABOUT_RETURN_TYPE = YES_ERROR;
				GCC_WARN_UNDECLARED_SELECTOR = YES;
				GCC_WARN_UNINITIALIZED_AUTOS = YES_AGGRESSIVE;
				GCC_WARN_UNUSED_FUNCTION = YES;
				GCC_WARN_UNUSED_VARIABLE = YES;
				IPHONEOS_DEPLOYMENT_TARGET = 14.5;
				MTL_ENABLE_DEBUG_INFO = NO;
				MTL_FAST_MATH = YES;
				SDKROOT = iphoneos;
				SWIFT_COMPILATION_MODE = wholemodule;
				SWIFT_OPTIMIZATION_LEVEL = "-O";
				VALIDATE_PRODUCT = YES;
			};
			name = Release;
		};
		F1A07F5A26642AD600113C02 /* Debug */ = {
			isa = XCBuildConfiguration;
			buildSettings = {
				ASSETCATALOG_COMPILER_APPICON_NAME = AppIcon;
				ASSETCATALOG_COMPILER_GLOBAL_ACCENT_COLOR_NAME = AccentColor;
				CODE_SIGN_STYLE = Automatic;
				DEVELOPMENT_TEAM = "";
				INFOPLIST_FILE = TestCoreData/Info.plist;
				IPHONEOS_DEPLOYMENT_TARGET = 13.0;
				LD_RUNPATH_SEARCH_PATHS = (
					"$(inherited)",
					"@executable_path/Frameworks",
				);
				PRODUCT_BUNDLE_IDENTIFIER = com.christianselig.TestCoreData;
				PRODUCT_NAME = "$(TARGET_NAME)";
				SWIFT_VERSION = 5.0;
				TARGETED_DEVICE_FAMILY = "1,2";
			};
			name = Debug;
		};
		F1A07F5B26642AD600113C02 /* Release */ = {
			isa = XCBuildConfiguration;
			buildSettings = {
				ASSETCATALOG_COMPILER_APPICON_NAME = AppIcon;
				ASSETCATALOG_COMPILER_GLOBAL_ACCENT_COLOR_NAME = AccentColor;
				CODE_SIGN_STYLE = Automatic;
				DEVELOPMENT_TEAM = "";
				INFOPLIST_FILE = TestCoreData/Info.plist;
				IPHONEOS_DEPLOYMENT_TARGET = 13.0;
				LD_RUNPATH_SEARCH_PATHS = (
					"$(inherited)",
					"@executable_path/Frameworks",
				);
				PRODUCT_BUNDLE_IDENTIFIER = com.christianselig.TestCoreData;
				PRODUCT_NAME = "$(TARGET_NAME)";
				SWIFT_VERSION = 5.0;
				TARGETED_DEVICE_FAMILY = "1,2";
			};
			name = Release;
		};
		F1A07F5D26642AD600113C02 /* Debug */ = {
			isa = XCBuildConfiguration;
			buildSettings = {
				ALWAYS_EMBED_SWIFT_STANDARD_LIBRARIES = YES;
				BUNDLE_LOADER = "$(TEST_HOST)";
				CODE_SIGN_STYLE = Automatic;
				DEVELOPMENT_TEAM = XG3L8T56DK;
				INFOPLIST_FILE = TestCoreDataTests/Info.plist;
				IPHONEOS_DEPLOYMENT_TARGET = 14.5;
				LD_RUNPATH_SEARCH_PATHS = (
					"$(inherited)",
					"@executable_path/Frameworks",
					"@loader_path/Frameworks",
				);
				PRODUCT_BUNDLE_IDENTIFIER = com.christianselig.TestCoreDataTests;
				PRODUCT_NAME = "$(TARGET_NAME)";
				SWIFT_VERSION = 5.0;
				TARGETED_DEVICE_FAMILY = "1,2";
				TEST_HOST = "$(BUILT_PRODUCTS_DIR)/TestCoreData.app/TestCoreData";
			};
			name = Debug;
		};
		F1A07F5E26642AD600113C02 /* Release */ = {
			isa = XCBuildConfiguration;
			buildSettings = {
				ALWAYS_EMBED_SWIFT_STANDARD_LIBRARIES = YES;
				BUNDLE_LOADER = "$(TEST_HOST)";
				CODE_SIGN_STYLE = Automatic;
				DEVELOPMENT_TEAM = XG3L8T56DK;
				INFOPLIST_FILE = TestCoreDataTests/Info.plist;
				IPHONEOS_DEPLOYMENT_TARGET = 14.5;
				LD_RUNPATH_SEARCH_PATHS = (
					"$(inherited)",
					"@executable_path/Frameworks",
					"@loader_path/Frameworks",
				);
				PRODUCT_BUNDLE_IDENTIFIER = com.christianselig.TestCoreDataTests;
				PRODUCT_NAME = "$(TARGET_NAME)";
				SWIFT_VERSION = 5.0;
				TARGETED_DEVICE_FAMILY = "1,2";
				TEST_HOST = "$(BUILT_PRODUCTS_DIR)/TestCoreData.app/TestCoreData";
			};
			name = Release;
		};
		F1A07F6026642AD600113C02 /* Debug */ = {
			isa = XCBuildConfiguration;
			buildSettings = {
				ALWAYS_EMBED_SWIFT_STANDARD_LIBRARIES = YES;
				CODE_SIGN_STYLE = Automatic;
				DEVELOPMENT_TEAM = XG3L8T56DK;
				INFOPLIST_FILE = TestCoreDataUITests/Info.plist;
				LD_RUNPATH_SEARCH_PATHS = (
					"$(inherited)",
					"@executable_path/Frameworks",
					"@loader_path/Frameworks",
				);
				PRODUCT_BUNDLE_IDENTIFIER = com.christianselig.TestCoreDataUITests;
				PRODUCT_NAME = "$(TARGET_NAME)";
				SWIFT_VERSION = 5.0;
				TARGETED_DEVICE_FAMILY = "1,2";
				TEST_TARGET_NAME = TestCoreData;
			};
			name = Debug;
		};
		F1A07F6126642AD600113C02 /* Release */ = {
			isa = XCBuildConfiguration;
			buildSettings = {
				ALWAYS_EMBED_SWIFT_STANDARD_LIBRARIES = YES;
				CODE_SIGN_STYLE = Automatic;
				DEVELOPMENT_TEAM = XG3L8T56DK;
				INFOPLIST_FILE = TestCoreDataUITests/Info.plist;
				LD_RUNPATH_SEARCH_PATHS = (
					"$(inherited)",
					"@executable_path/Frameworks",
					"@loader_path/Frameworks",
				);
				PRODUCT_BUNDLE_IDENTIFIER = com.christianselig.TestCoreDataUITests;
				PRODUCT_NAME = "$(TARGET_NAME)";
				SWIFT_VERSION = 5.0;
				TARGETED_DEVICE_FAMILY = "1,2";
				TEST_TARGET_NAME = TestCoreData;
			};
			name = Release;
		};
/* End XCBuildConfiguration section */

/* Begin XCConfigurationList section */
		F1A07F2A26642AD500113C02 /* Build configuration list for PBXProject "TestCoreData" */ = {
			isa = XCConfigurationList;
			buildConfigurations = (
				F1A07F5726642AD600113C02 /* Debug */,
				F1A07F5826642AD600113C02 /* Release */,
			);
			defaultConfigurationIsVisible = 0;
			defaultConfigurationName = Release;
		};
		F1A07F5926642AD600113C02 /* Build configuration list for PBXNativeTarget "TestCoreData" */ = {
			isa = XCConfigurationList;
			buildConfigurations = (
				F1A07F5A26642AD600113C02 /* Debug */,
				F1A07F5B26642AD600113C02 /* Release */,
			);
			defaultConfigurationIsVisible = 0;
			defaultConfigurationName = Release;
		};
		F1A07F5C26642AD600113C02 /* Build configuration list for PBXNativeTarget "TestCoreDataTests" */ = {
			isa = XCConfigurationList;
			buildConfigurations = (
				F1A07F5D26642AD600113C02 /* Debug */,
				F1A07F5E26642AD600113C02 /* Release */,
			);
			defaultConfigurationIsVisible = 0;
			defaultConfigurationName = Release;
		};
		F1A07F5F26642AD600113C02 /* Build configuration list for PBXNativeTarget "TestCoreDataUITests" */ = {
			isa = XCConfigurationList;
			buildConfigurations = (
				F1A07F6026642AD600113C02 /* Debug */,
				F1A07F6126642AD600113C02 /* Release */,
			);
			defaultConfigurationIsVisible = 0;
			defaultConfigurationName = Release;
		};
/* End XCConfigurationList section */

/* Begin XCVersionGroup section */
		F1A07FBE26656BBF00113C02 /* IceCream.xcdatamodeld */ = {
			isa = XCVersionGroup;
			children = (
				F1A07FBF26656BBF00113C02 /* IceCream.xcdatamodel */,
			);
			currentVersion = F1A07FBF26656BBF00113C02 /* IceCream.xcdatamodel */;
			name = IceCream.xcdatamodeld;
			path = ../IceCream.xcdatamodeld;
			sourceTree = "<group>";
			versionGroupType = wrapper.xcdatamodel;
		};
/* End XCVersionGroup section */
	};
	rootObject = F1A07F2726642AD500113C02 /* Project object */;
}
